
Microsoft Visual Studio Solution File, Format Version 12.00
# Visual Studio 15
VisualStudioVersion = 15.0.26124.0
MinimumVisualStudioVersion = 15.0.26124.0
Project("{FAE04EC0-301F-11D3-BF4B-00C04F79EFBC}") = "experiments", "Experiment\experiments.csproj", "{B50B1F93-8FDF-429C-A8C9-CB9356825B89}"
EndProject
Project("{FAE04EC0-301F-11D3-BF4B-00C04F79EFBC}") = "Tests", "Tests\Tests.csproj", "{EF17F0E6-5484-407A-9760-9DC0AA204A07}"
EndProject
Global
	GlobalSection(SolutionConfigurationPlatforms) = preSolution
		Debug|Any CPU = Debug|Any CPU
		Debug|x64 = Debug|x64
		Debug|x86 = Debug|x86
		Release|Any CPU = Release|Any CPU
		Release|x64 = Release|x64
		Release|x86 = Release|x86
	EndGlobalSection
	GlobalSection(SolutionProperties) = preSolution
		HideSolutionNode = FALSE
	EndGlobalSection
	GlobalSection(ProjectConfigurationPlatforms) = postSolution
		{B50B1F93-8FDF-429C-A8C9-CB9356825B89}.Debug|Any CPU.ActiveCfg = Debug|Any CPU
		{B50B1F93-8FDF-429C-A8C9-CB9356825B89}.Debug|Any CPU.Build.0 = Debug|Any CPU
		{B50B1F93-8FDF-429C-A8C9-CB9356825B89}.Debug|x64.ActiveCfg = Debug|Any CPU
		{B50B1F93-8FDF-429C-A8C9-CB9356825B89}.Debug|x64.Build.0 = Debug|Any CPU
		{B50B1F93-8FDF-429C-A8C9-CB9356825B89}.Debug|x86.ActiveCfg = Debug|Any CPU
		{B50B1F93-8FDF-429C-A8C9-CB9356825B89}.Debug|x86.Build.0 = Debug|Any CPU
		{B50B1F93-8FDF-429C-A8C9-CB9356825B89}.Release|Any CPU.ActiveCfg = Release|Any CPU
		{B50B1F93-8FDF-429C-A8C9-CB9356825B89}.Release|Any CPU.Build.0 = Release|Any CPU
		{B50B1F93-8FDF-429C-A8C9-CB9356825B89}.Release|x64.ActiveCfg = Release|Any CPU
		{B50B1F93-8FDF-429C-A8C9-CB9356825B89}.Release|x64.Build.0 = Release|Any CPU
		{B50B1F93-8FDF-429C-A8C9-CB9356825B89}.Release|x86.ActiveCfg = Release|Any CPU
		{B50B1F93-8FDF-429C-A8C9-CB9356825B89}.Release|x86.Build.0 = Release|Any CPU
		{EF17F0E6-5484-407A-9760-9DC0AA204A07}.Debug|Any CPU.ActiveCfg = Debug|Any CPU
		{EF17F0E6-5484-407A-9760-9DC0AA204A07}.Debug|Any CPU.Build.0 = Debug|Any CPU
		{EF17F0E6-5484-407A-9760-9DC0AA204A07}.Debug|x64.ActiveCfg = Debug|Any CPU
		{EF17F0E6-5484-407A-9760-9DC0AA204A07}.Debug|x64.Build.0 = Debug|Any CPU
		{EF17F0E6-5484-407A-9760-9DC0AA204A07}.Debug|x86.ActiveCfg = Debug|Any CPU
		{EF17F0E6-5484-407A-9760-9DC0AA204A07}.Debug|x86.Build.0 = Debug|Any CPU
		{EF17F0E6-5484-407A-9760-9DC0AA204A07}.Release|Any CPU.ActiveCfg = Release|Any CPU
		{EF17F0E6-5484-407A-9760-9DC0AA204A07}.Release|Any CPU.Build.0 = Release|Any CPU
		{EF17F0E6-5484-407A-9760-9DC0AA204A07}.Release|x64.ActiveCfg = Release|Any CPU
		{EF17F0E6-5484-407A-9760-9DC0AA204A07}.Release|x64.Build.0 = Release|Any CPU
		{EF17F0E6-5484-407A-9760-9DC0AA204A07}.Release|x86.ActiveCfg = Release|Any CPU
		{EF17F0E6-5484-407A-9760-9DC0AA204A07}.Release|x86.Build.0 = Release|Any CPU
	EndGlobalSection
EndGlobal
